// !$*UTF8*$!
{
	archiveVersion = 1;
	classes = {
	};
	objectVersion = 77;
	objects = {

/* Begin PBXContainerItemProxy section */
		FA8608DF2ECE9F5A00234B61 /* PBXContainerItemProxy */ = {
			isa = PBXContainerItemProxy;
			containerPortal = FA8608C92ECE9F5800234B61 /* Project object */;
			proxyType = 1;
			remoteGlobalIDString = FA8608D02ECE9F5800234B61;
			remoteInfo = "gob-ears";
		};
		FA8608E92ECE9F5A00234B61 /* PBXContainerItemProxy */ = {
			isa = PBXContainerItemProxy;
			containerPortal = FA8608C92ECE9F5800234B61 /* Project object */;
			proxyType = 1;
			remoteGlobalIDString = FA8608D02ECE9F5800234B61;
			remoteInfo = "gob-ears";
		};
/* End PBXContainerItemProxy section */

/* Begin PBXFileReference section */
		FA8608D12ECE9F5800234B61 /* gob-ears.app */ = {isa = PBXFileReference; explicitFileType = wrapper.application; includeInIndex = 0; path = "gob-ears.app"; sourceTree = BUILT_PRODUCTS_DIR; };
		FA8608DE2ECE9F5A00234B61 /* gob-earsTests.xctest */ = {isa = PBXFileReference; explicitFileType = wrapper.cfbundle; includeInIndex = 0; path = "gob-earsTests.xctest"; sourceTree = BUILT_PRODUCTS_DIR; };
		FA8608E82ECE9F5A00234B61 /* gob-earsUITests.xctest */ = {isa = PBXFileReference; explicitFileType = wrapper.cfbundle; includeInIndex = 0; path = "gob-earsUITests.xctest"; sourceTree = BUILT_PRODUCTS_DIR; };
/* End PBXFileReference section */

/* Begin PBXFileSystemSynchronizedRootGroup section */
		FA8608D32ECE9F5800234B61 /* gob-ears */ = {
			isa = PBXFileSystemSynchronizedRootGroup;
			path = "gob-ears";
			sourceTree = "<group>";
		};
		FA8608E12ECE9F5A00234B61 /* gob-earsTests */ = {
			isa = PBXFileSystemSynchronizedRootGroup;
			path = "gob-earsTests";
			sourceTree = "<group>";
		};
		FA8608EB2ECE9F5A00234B61 /* gob-earsUITests */ = {
			isa = PBXFileSystemSynchronizedRootGroup;
			path = "gob-earsUITests";
			sourceTree = "<group>";
		};
/* End PBXFileSystemSynchronizedRootGroup section */

/* Begin PBXFrameworksBuildPhase section */
		FA8608CE2ECE9F5800234B61 /* Frameworks */ = {
			isa = PBXFrameworksBuildPhase;
			buildActionMask = 2147483647;
			files = (
			);
			runOnlyForDeploymentPostprocessing = 0;
		};
		FA8608DB2ECE9F5A00234B61 /* Frameworks */ = {
			isa = PBXFrameworksBuildPhase;
			buildActionMask = 2147483647;
			files = (
			);
			runOnlyForDeploymentPostprocessing = 0;
		};
		FA8608E52ECE9F5A00234B61 /* Frameworks */ = {
			isa = PBXFrameworksBuildPhase;
			buildActionMask = 2147483647;
			files = (
			);
			runOnlyForDeploymentPostprocessing = 0;
		};
/* End PBXFrameworksBuildPhase section */

/* Begin PBXGroup section */
		FA8608C82ECE9F5800234B61 = {
			isa = PBXGroup;
			children = (
				FA8608D32ECE9F5800234B61 /* gob-ears */,
				FA8608E12ECE9F5A00234B61 /* gob-earsTests */,
				FA8608EB2ECE9F5A00234B61 /* gob-earsUITests */,
				FA8608D22ECE9F5800234B61 /* Products */,
			);
			sourceTree = "<group>";
		};
		FA8608D22ECE9F5800234B61 /* Products */ = {
			isa = PBXGroup;
			children = (
				FA8608D12ECE9F5800234B61 /* gob-ears.app */,
				FA8608DE2ECE9F5A00234B61 /* gob-earsTests.xctest */,
				FA8608E82ECE9F5A00234B61 /* gob-earsUITests.xctest */,
			);
			name = Products;
			sourceTree = "<group>";
		};
/* End PBXGroup section */

/* Begin PBXNativeTarget section */
		FA8608D02ECE9F5800234B61 /* gob-ears */ = {
			isa = PBXNativeTarget;
			buildConfigurationList = FA8608F22ECE9F5A00234B61 /* Build configuration list for PBXNativeTarget "gob-ears" */;
			buildPhases = (
				FA8608CD2ECE9F5800234B61 /* Sources */,
				FA8608CE2ECE9F5800234B61 /* Frameworks */,
				FA8608CF2ECE9F5800234B61 /* Resources */,
			);
			buildRules = (
			);
			dependencies = (
			);
			fileSystemSynchronizedGroups = (
				FA8608D32ECE9F5800234B61 /* gob-ears */,
			);
			name = "gob-ears";
			packageProductDependencies = (
			);
			productName = "gob-ears";
			productReference = FA8608D12ECE9F5800234B61 /* gob-ears.app */;
			productType = "com.apple.product-type.application";
		};
		FA8608DD2ECE9F5A00234B61 /* gob-earsTests */ = {
			isa = PBXNativeTarget;
			buildConfigurationList = FA8608F52ECE9F5A00234B61 /* Build configuration list for PBXNativeTarget "gob-earsTests" */;
			buildPhases = (
				FA8608DA2ECE9F5A00234B61 /* Sources */,
				FA8608DB2ECE9F5A00234B61 /* Frameworks */,
				FA8608DC2ECE9F5A00234B61 /* Resources */,
			);
			buildRules = (
			);
			dependencies = (
				FA8608E02ECE9F5A00234B61 /* PBXTargetDependency */,
			);
			fileSystemSynchronizedGroups = (
				FA8608E12ECE9F5A00234B61 /* gob-earsTests */,
			);
			name = "gob-earsTests";
			packageProductDependencies = (
			);
			productName = "gob-earsTests";
			productReference = FA8608DE2ECE9F5A00234B61 /* gob-earsTests.xctest */;
			productType = "com.apple.product-type.bundle.unit-test";
		};
		FA8608E72ECE9F5A00234B61 /* gob-earsUITests */ = {
			isa = PBXNativeTarget;
			buildConfigurationList = FA8608F82ECE9F5A00234B61 /* Build configuration list for PBXNativeTarget "gob-earsUITests" */;
			buildPhases = (
				FA8608E42ECE9F5A00234B61 /* Sources */,
				FA8608E52ECE9F5A00234B61 /* Frameworks */,
				FA8608E62ECE9F5A00234B61 /* Resources */,
			);
			buildRules = (
			);
			dependencies = (
				FA8608EA2ECE9F5A00234B61 /* PBXTargetDependency */,
			);
			fileSystemSynchronizedGroups = (
				FA8608EB2ECE9F5A00234B61 /* gob-earsUITests */,
			);
			name = "gob-earsUITests";
			packageProductDependencies = (
			);
			productName = "gob-earsUITests";
			productReference = FA8608E82ECE9F5A00234B61 /* gob-earsUITests.xctest */;
			productType = "com.apple.product-type.bundle.ui-testing";
		};
/* End PBXNativeTarget section */

/* Begin PBXProject section */
		FA8608C92ECE9F5800234B61 /* Project object */ = {
			isa = PBXProject;
			attributes = {
				BuildIndependentTargetsInParallel = 1;
				LastSwiftUpdateCheck = 1640;
				LastUpgradeCheck = 1640;
				TargetAttributes = {
					FA8608D02ECE9F5800234B61 = {
						CreatedOnToolsVersion = 16.4;
					};
					FA8608DD2ECE9F5A00234B61 = {
						CreatedOnToolsVersion = 16.4;
						TestTargetID = FA8608D02ECE9F5800234B61;
					};
					FA8608E72ECE9F5A00234B61 = {
						CreatedOnToolsVersion = 16.4;
						TestTargetID = FA8608D02ECE9F5800234B61;
					};
				};
			};
			buildConfigurationList = FA8608CC2ECE9F5800234B61 /* Build configuration list for PBXProject "gob-ears" */;
			developmentRegion = en;
			hasScannedForEncodings = 0;
			knownRegions = (
				en,
				Base,
			);
			mainGroup = FA8608C82ECE9F5800234B61;
			minimizedProjectReferenceProxies = 1;
			preferredProjectObjectVersion = 77;
			productRefGroup = FA8608D22ECE9F5800234B61 /* Products */;
			projectDirPath = "";
			projectRoot = "";
			targets = (
				FA8608D02ECE9F5800234B61 /* gob-ears */,
				FA8608DD2ECE9F5A00234B61 /* gob-earsTests */,
				FA8608E72ECE9F5A00234B61 /* gob-earsUITests */,
			);
		};
/* End PBXProject section */

/* Begin PBXResourcesBuildPhase section */
		FA8608CF2ECE9F5800234B61 /* Resources */ = {
			isa = PBXResourcesBuildPhase;
			buildActionMask = 2147483647;
			files = (
			);
			runOnlyForDeploymentPostprocessing = 0;
		};
		FA8608DC2ECE9F5A00234B61 /* Resources */ = {
			isa = PBXResourcesBuildPhase;
			buildActionMask = 2147483647;
			files = (
			);
			runOnlyForDeploymentPostprocessing = 0;
		};
		FA8608E62ECE9F5A00234B61 /* Resources */ = {
			isa = PBXResourcesBuildPhase;
			buildActionMask = 2147483647;
			files = (
			);
			runOnlyForDeploymentPostprocessing = 0;
		};
/* End PBXResourcesBuildPhase section */

/* Begin PBXSourcesBuildPhase section */
		FA8608CD2ECE9F5800234B61 /* Sources */ = {
			isa = PBXSourcesBuildPhase;
			buildActionMask = 2147483647;
			files = (
			);
			runOnlyForDeploymentPostprocessing = 0;
		};
		FA8608DA2ECE9F5A00234B61 /* Sources */ = {
			isa = PBXSourcesBuildPhase;
			buildActionMask = 2147483647;
			files = (
			);
			runOnlyForDeploymentPostprocessing = 0;
		};
		FA8608E42ECE9F5A00234B61 /* Sources */ = {
			isa = PBXSourcesBuildPhase;
			buildActionMask = 2147483647;
			files = (
			);
			runOnlyForDeploymentPostprocessing = 0;
		};
/* End PBXSourcesBuildPhase section */

/* Begin PBXTargetDependency section */
		FA8608E02ECE9F5A00234B61 /* PBXTargetDependency */ = {
			isa = PBXTargetDependency;
			target = FA8608D02ECE9F5800234B61 /* gob-ears */;
			targetProxy = FA8608DF2ECE9F5A00234B61 /* PBXContainerItemProxy */;
		};
		FA8608EA2ECE9F5A00234B61 /* PBXTargetDependency */ = {
			isa = PBXTargetDependency;
			target = FA8608D02ECE9F5800234B61 /* gob-ears */;
			targetProxy = FA8608E92ECE9F5A00234B61 /* PBXContainerItemProxy */;
		};
/* End PBXTargetDependency section */

/* Begin XCBuildConfiguration section */
		FA8608F02ECE9F5A00234B61 /* Debug */ = {
			isa = XCBuildConfiguration;
			buildSettings = {
				ALWAYS_SEARCH_USER_PATHS = NO;
				ASSETCATALOG_COMPILER_GENERATE_SWIFT_ASSET_SYMBOL_EXTENSIONS = YES;
				CLANG_ANALYZER_NONNULL = YES;
				CLANG_ANALYZER_NUMBER_OBJECT_CONVERSION = YES_AGGRESSIVE;
				CLANG_CXX_LANGUAGE_STANDARD = "gnu++20";
				CLANG_ENABLE_MODULES = YES;
				CLANG_ENABLE_OBJC_ARC = YES;
				CLANG_ENABLE_OBJC_WEAK = YES;
				CLANG_WARN_BLOCK_CAPTURE_AUTORELEASING = YES;
				CLANG_WARN_BOOL_CONVERSION = YES;
				CLANG_WARN_COMMA = YES;
				CLANG_WARN_CONSTANT_CONVERSION = YES;
				CLANG_WARN_DEPRECATED_OBJC_IMPLEMENTATIONS = YES;
				CLANG_WARN_DIRECT_OBJC_ISA_USAGE = YES_ERROR;
				CLANG_WARN_DOCUMENTATION_COMMENTS = YES;
				CLANG_WARN_EMPTY_BODY = YES;
				CLANG_WARN_ENUM_CONVERSION = YES;
				CLANG_WARN_INFINITE_RECURSION = YES;
				CLANG_WARN_INT_CONVERSION = YES;
				CLANG_WARN_NON_LITERAL_NULL_CONVERSION = YES;
				CLANG_WARN_OBJC_IMPLICIT_RETAIN_SELF = YES;
				CLANG_WARN_OBJC_LITERAL_CONVERSION = YES;
				CLANG_WARN_OBJC_ROOT_CLASS = YES_ERROR;
				CLANG_WARN_QUOTED_INCLUDE_IN_FRAMEWORK_HEADER = YES;
				CLANG_WARN_RANGE_LOOP_ANALYSIS = YES;
				CLANG_WARN_STRICT_PROTOTYPES = YES;
				CLANG_WARN_SUSPICIOUS_MOVE = YES;
				CLANG_WARN_UNGUARDED_AVAILABILITY = YES_AGGRESSIVE;
				CLANG_WARN_UNREACHABLE_CODE = YES;
				CLANG_WARN__DUPLICATE_METHOD_MATCH = YES;
				COPY_PHASE_STRIP = NO;
				DEBUG_INFORMATION_FORMAT = dwarf;
				DEVELOPMENT_TEAM = G3JRAZ7U9K;
				ENABLE_STRICT_OBJC_MSGSEND = YES;
				ENABLE_TESTABILITY = YES;
				ENABLE_USER_SCRIPT_SANDBOXING = YES;
				GCC_C_LANGUAGE_STANDARD = gnu17;
				GCC_DYNAMIC_NO_PIC = NO;
				GCC_NO_COMMON_BLOCKS = YES;
				GCC_OPTIMIZATION_LEVEL = 0;
				GCC_PREPROCESSOR_DEFINITIONS = (
					"DEBUG=1",
					"$(inherited)",
				);
				GCC_WARN_64_TO_32_BIT_CONVERSION = YES;
				GCC_WARN_ABOUT_RETURN_TYPE = YES_ERROR;
				GCC_WARN_UNDECLARED_SELECTOR = YES;
				GCC_WARN_UNINITIALIZED_AUTOS = YES_AGGRESSIVE;
				GCC_WARN_UNUSED_FUNCTION = YES;
				GCC_WARN_UNUSED_VARIABLE = YES;
				IPHONEOS_DEPLOYMENT_TARGET = 18.5;
				LOCALIZATION_PREFERS_STRING_CATALOGS = YES;
				MTL_ENABLE_DEBUG_INFO = INCLUDE_SOURCE;
				MTL_FAST_MATH = YES;
				ONLY_ACTIVE_ARCH = YES;
				SDKROOT = iphoneos;
				SWIFT_ACTIVE_COMPILATION_CONDITIONS = "DEBUG $(inherited)";
				SWIFT_OPTIMIZATION_LEVEL = "-Onone";
			};
			name = Debug;
		};
		FA8608F12ECE9F5A00234B61 /* Release */ = {
			isa = XCBuildConfiguration;
			buildSettings = {
				ALWAYS_SEARCH_USER_PATHS = NO;
				ASSETCATALOG_COMPILER_GENERATE_SWIFT_ASSET_SYMBOL_EXTENSIONS = YES;
				CLANG_ANALYZER_NONNULL = YES;
				CLANG_ANALYZER_NUMBER_OBJECT_CONVERSION = YES_AGGRESSIVE;
				CLANG_CXX_LANGUAGE_STANDARD = "gnu++20";
				CLANG_ENABLE_MODULES = YES;
				CLANG_ENABLE_OBJC_ARC = YES;
				CLANG_ENABLE_OBJC_WEAK = YES;
				CLANG_WARN_BLOCK_CAPTURE_AUTORELEASING = YES;
				CLANG_WARN_BOOL_CONVERSION = YES;
				CLANG_WARN_COMMA = YES;
				CLANG_WARN_CONSTANT_CONVERSION = YES;
				CLANG_WARN_DEPRECATED_OBJC_IMPLEMENTATIONS = YES;
				CLANG_WARN_DIRECT_OBJC_ISA_USAGE = YES_ERROR;
				CLANG_WARN_DOCUMENTATION_COMMENTS = YES;
				CLANG_WARN_EMPTY_BODY = YES;
				CLANG_WARN_ENUM_CONVERSION = YES;
				CLANG_WARN_INFINITE_RECURSION = YES;
				CLANG_WARN_INT_CONVERSION = YES;
				CLANG_WARN_NON_LITERAL_NULL_CONVERSION = YES;
				CLANG_WARN_OBJC_IMPLICIT_RETAIN_SELF = YES;
				CLANG_WARN_OBJC_LITERAL_CONVERSION = YES;
				CLANG_WARN_OBJC_ROOT_CLASS = YES_ERROR;
				CLANG_WARN_QUOTED_INCLUDE_IN_FRAMEWORK_HEADER = YES;
				CLANG_WARN_RANGE_LOOP_ANALYSIS = YES;
				CLANG_WARN_STRICT_PROTOTYPES = YES;
				CLANG_WARN_SUSPICIOUS_MOVE = YES;
				CLANG_WARN_UNGUARDED_AVAILABILITY = YES_AGGRESSIVE;
				CLANG_WARN_UNREACHABLE_CODE = YES;
				CLANG_WARN__DUPLICATE_METHOD_MATCH = YES;
				COPY_PHASE_STRIP = NO;
				DEBUG_INFORMATION_FORMAT = "dwarf-with-dsym";
				DEVELOPMENT_TEAM = G3JRAZ7U9K;
				ENABLE_NS_ASSERTIONS = NO;
				ENABLE_STRICT_OBJC_MSGSEND = YES;
				ENABLE_USER_SCRIPT_SANDBOXING = YES;
				GCC_C_LANGUAGE_STANDARD = gnu17;
				GCC_NO_COMMON_BLOCKS = YES;
				GCC_WARN_64_TO_32_BIT_CONVERSION = YES;
				GCC_WARN_ABOUT_RETURN_TYPE = YES_ERROR;
				GCC_WARN_UNDECLARED_SELECTOR = YES;
				GCC_WARN_UNINITIALIZED_AUTOS = YES_AGGRESSIVE;
				GCC_WARN_UNUSED_FUNCTION = YES;
				GCC_WARN_UNUSED_VARIABLE = YES;
				IPHONEOS_DEPLOYMENT_TARGET = 18.5;
				LOCALIZATION_PREFERS_STRING_CATALOGS = YES;
				MTL_ENABLE_DEBUG_INFO = NO;
				MTL_FAST_MATH = YES;
				SDKROOT = iphoneos;
				SWIFT_COMPILATION_MODE = wholemodule;
				VALIDATE_PRODUCT = YES;
			};
			name = Release;
		};
		FA8608F32ECE9F5A00234B61 /* Debug */ = {
			isa = XCBuildConfiguration;
			buildSettings = {
				ASSETCATALOG_COMPILER_APPICON_NAME = AppIcon;
				ASSETCATALOG_COMPILER_GLOBAL_ACCENT_COLOR_NAME = AccentColor;
				CODE_SIGN_STYLE = Automatic;
				CURRENT_PROJECT_VERSION = 1;
				DEVELOPMENT_TEAM = G3JRAZ7U9K;
				ENABLE_PREVIEWS = YES;
				GENERATE_INFOPLIST_FILE = YES;
				INFOPLIST_KEY_LSApplicationCategoryType = "public.app-category.trivia-games";
				INFOPLIST_KEY_UIApplicationSceneManifest_Generation = YES;
				INFOPLIST_KEY_UIApplicationSupportsIndirectInputEvents = YES;
				INFOPLIST_KEY_UILaunchScreen_Generation = YES;
				INFOPLIST_KEY_UISupportedInterfaceOrientations_iPad = "UIInterfaceOrientationPortrait UIInterfaceOrientationPortraitUpsideDown UIInterfaceOrientationLandscapeLeft UIInterfaceOrientationLandscapeRight";
				INFOPLIST_KEY_UISupportedInterfaceOrientations_iPhone = "UIInterfaceOrientationPortrait UIInterfaceOrientationLandscapeLeft UIInterfaceOrientationLandscapeRight";
				LD_RUNPATH_SEARCH_PATHS = (
					"$(inherited)",
					"@executable_path/Frameworks",
				);
				MARKETING_VERSION = 1.0;
				PRODUCT_BUNDLE_IDENTIFIER = "com.yashi.gob-ears";
				PRODUCT_NAME = "$(TARGET_NAME)";
				SWIFT_EMIT_LOC_STRINGS = YES;
				SWIFT_VERSION = 5.0;
				TARGETED_DEVICE_FAMILY = "1,2";
			};
			name = Debug;
		};
		FA8608F42ECE9F5A00234B61 /* Release */ = {
			isa = XCBuildConfiguration;
			buildSettings = {
				ASSETCATALOG_COMPILER_APPICON_NAME = AppIcon;
				ASSETCATALOG_COMPILER_GLOBAL_ACCENT_COLOR_NAME = AccentColor;
				CODE_SIGN_STYLE = Automatic;
				CURRENT_PROJECT_VERSION = 1;
				DEVELOPMENT_TEAM = G3JRAZ7U9K;
				ENABLE_PREVIEWS = YES;
				GENERATE_INFOPLIST_FILE = YES;
				INFOPLIST_KEY_LSApplicationCategoryType = "public.app-category.trivia-games";
				INFOPLIST_KEY_UIApplicationSceneManifest_Generation = YES;
				INFOPLIST_KEY_UIApplicationSupportsIndirectInputEvents = YES;
				INFOPLIST_KEY_UILaunchScreen_Generation = YES;
				INFOPLIST_KEY_UISupportedInterfaceOrientations_iPad = "UIInterfaceOrientationPortrait UIInterfaceOrientationPortraitUpsideDown UIInterfaceOrientationLandscapeLeft UIInterfaceOrientationLandscapeRight";
				INFOPLIST_KEY_UISupportedInterfaceOrientations_iPhone = "UIInterfaceOrientationPortrait UIInterfaceOrientationLandscapeLeft UIInterfaceOrientationLandscapeRight";
				LD_RUNPATH_SEARCH_PATHS = (
					"$(inherited)",
					"@executable_path/Frameworks",
				);
				MARKETING_VERSION = 1.0;
				PRODUCT_BUNDLE_IDENTIFIER = "com.yashi.gob-ears";
				PRODUCT_NAME = "$(TARGET_NAME)";
				SWIFT_EMIT_LOC_STRINGS = YES;
				SWIFT_VERSION = 5.0;
				TARGETED_DEVICE_FAMILY = "1,2";
			};
			name = Release;
		};
		FA8608F62ECE9F5A00234B61 /* Debug */ = {
			isa = XCBuildConfiguration;
			buildSettings = {
				BUNDLE_LOADER = "$(TEST_HOST)";
				CODE_SIGN_STYLE = Automatic;
				CURRENT_PROJECT_VERSION = 1;
				DEVELOPMENT_TEAM = G3JRAZ7U9K;
				GENERATE_INFOPLIST_FILE = YES;
				IPHONEOS_DEPLOYMENT_TARGET = 18.5;
				MARKETING_VERSION = 1.0;
				PRODUCT_BUNDLE_IDENTIFIER = "com.yashi.gob-earsTests";
				PRODUCT_NAME = "$(TARGET_NAME)";
				SWIFT_EMIT_LOC_STRINGS = NO;
				SWIFT_VERSION = 5.0;
				TARGETED_DEVICE_FAMILY = "1,2";
				TEST_HOST = "$(BUILT_PRODUCTS_DIR)/gob-ears.app/$(BUNDLE_EXECUTABLE_FOLDER_PATH)/gob-ears";
			};
			name = Debug;
		};
		FA8608F72ECE9F5A00234B61 /* Release */ = {
			isa = XCBuildConfiguration;
			buildSettings = {
				BUNDLE_LOADER = "$(TEST_HOST)";
				CODE_SIGN_STYLE = Automatic;
				CURRENT_PROJECT_VERSION = 1;
				DEVELOPMENT_TEAM = G3JRAZ7U9K;
				GENERATE_INFOPLIST_FILE = YES;
				IPHONEOS_DEPLOYMENT_TARGET = 18.5;
				MARKETING_VERSION = 1.0;
				PRODUCT_BUNDLE_IDENTIFIER = "com.yashi.gob-earsTests";
				PRODUCT_NAME = "$(TARGET_NAME)";
				SWIFT_EMIT_LOC_STRINGS = NO;
				SWIFT_VERSION = 5.0;
				TARGETED_DEVICE_FAMILY = "1,2";
				TEST_HOST = "$(BUILT_PRODUCTS_DIR)/gob-ears.app/$(BUNDLE_EXECUTABLE_FOLDER_PATH)/gob-ears";
			};
			name = Release;
		};
		FA8608F92ECE9F5A00234B61 /* Debug */ = {
			isa = XCBuildConfiguration;
			buildSettings = {
				CODE_SIGN_STYLE = Automatic;
				CURRENT_PROJECT_VERSION = 1;
				DEVELOPMENT_TEAM = G3JRAZ7U9K;
				GENERATE_INFOPLIST_FILE = YES;
				MARKETING_VERSION = 1.0;
				PRODUCT_BUNDLE_IDENTIFIER = "com.yashi.gob-earsUITests";
				PRODUCT_NAME = "$(TARGET_NAME)";
				SWIFT_EMIT_LOC_STRINGS = NO;
				SWIFT_VERSION = 5.0;
				TARGETED_DEVICE_FAMILY = "1,2";
				TEST_TARGET_NAME = "gob-ears";
			};
			name = Debug;
		};
		FA8608FA2ECE9F5A00234B61 /* Release */ = {
			isa = XCBuildConfiguration;
			buildSettings = {
				CODE_SIGN_STYLE = Automatic;
				CURRENT_PROJECT_VERSION = 1;
				DEVELOPMENT_TEAM = G3JRAZ7U9K;
				GENERATE_INFOPLIST_FILE = YES;
				MARKETING_VERSION = 1.0;
				PRODUCT_BUNDLE_IDENTIFIER = "com.yashi.gob-earsUITests";
				PRODUCT_NAME = "$(TARGET_NAME)";
				SWIFT_EMIT_LOC_STRINGS = NO;
				SWIFT_VERSION = 5.0;
				TARGETED_DEVICE_FAMILY = "1,2";
				TEST_TARGET_NAME = "gob-ears";
			};
			name = Release;
		};
/* End XCBuildConfiguration section */

/* Begin XCConfigurationList section */
		FA8608CC2ECE9F5800234B61 /* Build configuration list for PBXProject "gob-ears" */ = {
			isa = XCConfigurationList;
			buildConfigurations = (
				FA8608F02ECE9F5A00234B61 /* Debug */,
				FA8608F12ECE9F5A00234B61 /* Release */,
			);
			defaultConfigurationIsVisible = 0;
			defaultConfigurationName = Release;
		};
		FA8608F22ECE9F5A00234B61 /* Build configuration list for PBXNativeTarget "gob-ears" */ = {
			isa = XCConfigurationList;
			buildConfigurations = (
				FA8608F32ECE9F5A00234B61 /* Debug */,
				FA8608F42ECE9F5A00234B61 /* Release */,
			);
			defaultConfigurationIsVisible = 0;
			defaultConfigurationName = Release;
		};
		FA8608F52ECE9F5A00234B61 /* Build configuration list for PBXNativeTarget "gob-earsTests" */ = {
			isa = XCConfigurationList;
			buildConfigurations = (
				FA8608F62ECE9F5A00234B61 /* Debug */,
				FA8608F72ECE9F5A00234B61 /* Release */,
			);
			defaultConfigurationIsVisible = 0;
			defaultConfigurationName = Release;
		};
		FA8608F82ECE9F5A00234B61 /* Build configuration list for PBXNativeTarget "gob-earsUITests" */ = {
			isa = XCConfigurationList;
			buildConfigurations = (
				FA8608F92ECE9F5A00234B61 /* Debug */,
				FA8608FA2ECE9F5A00234B61 /* Release */,
			);
			defaultConfigurationIsVisible = 0;
			defaultConfigurationName = Release;
		};
/* End XCConfigurationList section */
	};
	rootObject = FA8608C92ECE9F5800234B61 /* Project object */;
}
